
Microsoft Visual Studio Solution File, Format Version 12.00
# Visual Studio Version 17
VisualStudioVersion = 17.1.32328.378
MinimumVisualStudioVersion = 10.0.40219.1
Project("{FAE04EC0-301F-11D3-BF4B-00C04F79EFBC}") = "EcoPowerAPI", "EcoPowerAPI.csproj", "{A2D871CC-29A5-45DB-9CE9-0D909E01E26C}"
EndProject
Global
	GlobalSection(SolutionConfigurationPlatforms) = preSolution
		Debug|Any CPU = Debug|Any CPU
		Release|Any CPU = Release|Any CPU
	EndGlobalSection
	GlobalSection(ProjectConfigurationPlatforms) = postSolution
		{A2D871CC-29A5-45DB-9CE9-0D909E01E26C}.Debug|Any CPU.ActiveCfg = Debug|Any CPU
		{A2D871CC-29A5-45DB-9CE9-0D909E01E26C}.Debug|Any CPU.Build.0 = Debug|Any CPU
		{A2D871CC-29A5-45DB-9CE9-0D909E01E26C}.Release|Any CPU.ActiveCfg = Release|Any CPU
		{A2D871CC-29A5-45DB-9CE9-0D909E01E26C}.Release|Any CPU.Build.0 = Release|Any CPU
	EndGlobalSection
	GlobalSection(SolutionProperties) = preSolution
		HideSolutionNode = FALSE
	EndGlobalSection
	GlobalSection(ExtensibilityGlobals) = postSolution
		SolutionGuid = {272154EF-8C5B-43B6-AEEF-E82D30B66EB6}
	EndGlobalSection
EndGlobal
